{
    "_readme": [
        "This file locks the dependencies of your project to a known state",
        "Read more about it at https://getcomposer.org/doc/01-basic-usage.md#installing-dependencies",
        "This file is @generated automatically"
    ],
    "content-hash": "dfd8d5895cc1b37cd8f7587c2ef33646",
    "packages": [
        {
            "name": "mautic/api-library",
            "version": "1.0.0",
            "source": {
                "type": "git",
                "url": "https://github.com/mautic/api-library",
                "reference": "325f0d9ec7ef191f6f8b3513b4ae5558beb9b724"
            },
            "type": "library"
        }
    ],
    "packages-dev": [],
    "aliases": [],
    "minimum-stability": "stable",
    "stability-flags": [],
    "prefer-stable": false,
    "prefer-lowest": false,
    "platform": [],
    "platform-dev": []
}
